
Microsoft Visual Studio Solution File, Format Version 12.00
# Visual Studio 15
VisualStudioVersion = 15.0.28010.2048
MinimumVisualStudioVersion = 10.0.40219.1
Project("{FAE04EC0-301F-11D3-BF4B-00C04F79EFBC}") = "Omnium.Tests", "Omnium.Tests\Omnium.Tests.csproj", "{EAF01D68-77BC-4833-A7C6-4C2FCFC20E83}"
EndProject
Project("{FAE04EC0-301F-11D3-BF4B-00C04F79EFBC}") = "Omnium.Compiler", "Omnium.Compiler\Omnium.Compiler.csproj", "{DF3382BB-B9F4-4758-BFBF-D3E94076CC8B}"
EndProject
Project("{FAE04EC0-301F-11D3-BF4B-00C04F79EFBC}") = "Omnium.Core", "Omnium.Core\Omnium.Core.csproj", "{AC70858E-3F79-45A7-9911-3A71A74A77B7}"
EndProject
Project("{FAE04EC0-301F-11D3-BF4B-00C04F79EFBC}") = "Omnium.Tools", "Omnium.Tools\Omnium.Tools.csproj", "{C77B42D3-2DD0-4A44-8407-1D8B6BAD1E1B}"
EndProject
Global
	GlobalSection(SolutionConfigurationPlatforms) = preSolution
		Debug|Any CPU = Debug|Any CPU
		Release|Any CPU = Release|Any CPU
	EndGlobalSection
	GlobalSection(ProjectConfigurationPlatforms) = postSolution
		{EAF01D68-77BC-4833-A7C6-4C2FCFC20E83}.Debug|Any CPU.ActiveCfg = Debug|Any CPU
		{EAF01D68-77BC-4833-A7C6-4C2FCFC20E83}.Debug|Any CPU.Build.0 = Debug|Any CPU
		{EAF01D68-77BC-4833-A7C6-4C2FCFC20E83}.Release|Any CPU.ActiveCfg = Release|Any CPU
		{EAF01D68-77BC-4833-A7C6-4C2FCFC20E83}.Release|Any CPU.Build.0 = Release|Any CPU
		{DF3382BB-B9F4-4758-BFBF-D3E94076CC8B}.Debug|Any CPU.ActiveCfg = Debug|Any CPU
		{DF3382BB-B9F4-4758-BFBF-D3E94076CC8B}.Debug|Any CPU.Build.0 = Debug|Any CPU
		{DF3382BB-B9F4-4758-BFBF-D3E94076CC8B}.Release|Any CPU.ActiveCfg = Release|Any CPU
		{DF3382BB-B9F4-4758-BFBF-D3E94076CC8B}.Release|Any CPU.Build.0 = Release|Any CPU
		{AC70858E-3F79-45A7-9911-3A71A74A77B7}.Debug|Any CPU.ActiveCfg = Debug|Any CPU
		{AC70858E-3F79-45A7-9911-3A71A74A77B7}.Debug|Any CPU.Build.0 = Debug|Any CPU
		{AC70858E-3F79-45A7-9911-3A71A74A77B7}.Release|Any CPU.ActiveCfg = Release|Any CPU
		{AC70858E-3F79-45A7-9911-3A71A74A77B7}.Release|Any CPU.Build.0 = Release|Any CPU
		{C77B42D3-2DD0-4A44-8407-1D8B6BAD1E1B}.Debug|Any CPU.ActiveCfg = Debug|Any CPU
		{C77B42D3-2DD0-4A44-8407-1D8B6BAD1E1B}.Debug|Any CPU.Build.0 = Debug|Any CPU
		{C77B42D3-2DD0-4A44-8407-1D8B6BAD1E1B}.Release|Any CPU.ActiveCfg = Release|Any CPU
		{C77B42D3-2DD0-4A44-8407-1D8B6BAD1E1B}.Release|Any CPU.Build.0 = Release|Any CPU
	EndGlobalSection
	GlobalSection(SolutionProperties) = preSolution
		HideSolutionNode = FALSE
	EndGlobalSection
	GlobalSection(ExtensibilityGlobals) = postSolution
		SolutionGuid = {B06FBCA0-D2F0-48E7-8E46-575D644C2EC1}
	EndGlobalSection
EndGlobal
